Microsoft Visual Studio Solution File, Format Version 12.00
# Visual Studio Version 17
VisualStudioVersion = 17.0.31903.59
MinimumVisualStudioVersion = 10.0.40219.1
Project("{FAE04EC0-301F-11D3-BF4B-00C04F79EFBC}") = "GPTDeskTop", "src\GPTDeskTop\GPTDeskTop.csproj", "{2C7C0A2D-9D1A-4F6E-8A11-635D3534FCA7}"
EndProject
Global
	GlobalSection(SolutionConfigurationPlatforms) = preSolution
		Debug|Any CPU = Debug|Any CPU
		Release|Any CPU = Release|Any CPU
	EndGlobalSection
	GlobalSection(ProjectConfigurationPlatforms) = postSolution
		{2C7C0A2D-9D1A-4F6E-8A11-635D3534FCA7}.Debug|Any CPU.ActiveCfg = Debug|Any CPU
		{2C7C0A2D-9D1A-4F6E-8A11-635D3534FCA7}.Debug|Any CPU.Build.0 = Debug|Any CPU
		{2C7C0A2D-9D1A-4F6E-8A11-635D3534FCA7}.Release|Any CPU.ActiveCfg = Release|Any CPU
		{2C7C0A2D-9D1A-4F6E-8A11-635D3534FCA7}.Release|Any CPU.Build.0 = Release|Any CPU
	EndGlobalSection
EndGlobal
